<?xml version="1.0" encoding="utf-8"?>
<Project ToolsVersion="4.0" xmlns="http://schemas.microsoft.com/developer/msbuild/2003">
  <ItemGroup>
    <Filter Include="Source Files">
      <UniqueIdentifier>{4FC737F1-C7A5-4376-A066-2A32D752A2FF}</UniqueIdentifier>
      <Extensions>cpp;c;cc;cxx;def;odl;idl;hpj;bat;asm;asmx</Extensions>
    </Filter>
    <Filter Include="Header Files">
      <UniqueIdentifier>{93995380-89BD-4b04-88EB-625FBE52EBFB}</UniqueIdentifier>
      <Extensions>h;hh;hpp;hxx;hm;inl;inc;xsd</Extensions>
    </Filter>
    <Filter Include="Resource Files">
      <UniqueIdentifier>{67DA6AB6-F800-4c08-8B7A-83BB121AAD01}</UniqueIdentifier>
      <Extensions>rc;ico;cur;bmp;dlg;rc2;rct;bin;rgs;gif;jpg;jpeg;jpe;resx;tiff;tif;png;wav;mfcribbon-ms</Extensions>
    </Filter>
  </ItemGroup>
  <ItemGroup>
    <Text Include="ReadMe.txt" />
  </ItemGroup>
  <ItemGroup>
    <ClInclude Include="stdafx.h">
      <Filter>Header Files</Filter>
    </ClInclude>
    <ClInclude Include="OGLGraph.h">
      <Filter>Header Files</Filter>
    </ClInclude>
    <ClInclude Include="bitalino.h">
      <Filter>Header Files</Filter>
    </ClInclude>
    <ClInclude Include="MinimalStatusNotifications.h">
      <Filter>Header Files</Filter>
    </ClInclude>
    <ClInclude Include="FixationDataClass.hpp">
      <Filter>Header Files</Filter>
    </ClInclude>
    <ClInclude Include="ECG.hpp">
      <Filter>Header Files</Filter>
    </ClInclude>
    <ClInclude Include="EDA.hpp">
      <Filter>Header Files</Filter>
    </ClInclude>
    <ClInclude Include="EEG.hpp">
      <Filter>Header Files</Filter>
    </ClInclude>
    <ClInclude Include="CAM.hpp">
      <Filter>Header Files</Filter>
    </ClInclude>
    <ClInclude Include="D:\PAUI-(M-ITI)\Softwares\Affdex-cpp-sdk-samples-master\cpp-sdk-samples-master\common\AFaceListener.hpp">
      <Filter>Header Files</Filter>
    </ClInclude>
    <ClInclude Include="D:\PAUI-(M-ITI)\Softwares\Affdex-cpp-sdk-samples-master\cpp-sdk-samples-master\common\StatusListener.hpp">
      <Filter>Header Files</Filter>
    </ClInclude>
    <ClInclude Include="EMG.hpp">
      <Filter>Header Files</Filter>
    </ClInclude>
    <ClInclude Include="PlottingImageListener.hpp">
      <Filter>Header Files</Filter>
    </ClInclude>
    <ClInclude Include="DataBaseClass.hpp">
      <Filter>Header Files</Filter>
    </ClInclude>
    <ClInclude Include="EYE.h">
      <Filter>Header Files</Filter>
    </ClInclude>
  </ItemGroup>
  <ItemGroup>
    <ClCompile Include="stdafx.cpp">
      <Filter>Source Files</Filter>
    </ClCompile>
    <ClCompile Include="PAUI.cpp">
      <Filter>Source Files</Filter>
    </ClCompile>
    <ClCompile Include="OGLGraph.cpp">
      <Filter>Source Files</Filter>
    </ClCompile>
    <ClCompile Include="bitalino.cpp">
      <Filter>Source Files</Filter>
    </ClCompile>
    <ClCompile Include="ECG.cpp">
      <Filter>Source Files</Filter>
    </ClCompile>
    <ClCompile Include="EDA.cpp">
      <Filter>Source Files</Filter>
    </ClCompile>
    <ClCompile Include="EEG.cpp">
      <Filter>Source Files</Filter>
    </ClCompile>
    <ClCompile Include="WriteToFile.hpp">
      <Filter>Header Files</Filter>
    </ClCompile>
    <ClCompile Include="CAM.cpp">
      <Filter>Source Files</Filter>
    </ClCompile>
    <ClCompile Include="EMG.cpp">
      <Filter>Source Files</Filter>
    </ClCompile>
    <ClCompile Include="UDP.hpp">
      <Filter>Header Files</Filter>
    </ClCompile>
  </ItemGroup>
</Project>